
Microsoft Visual Studio Solution File, Format Version 12.00
# Visual Studio Version 17
VisualStudioVersion = 17.14.36429.23
MinimumVisualStudioVersion = 10.0.40219.1
Project("{2150E333-8FDC-42A3-9474-1A3956D46DE8}") = "Task0", "Task0", "{02EA681E-C7D8-13C7-8484-4AC65E1B71E8}"
EndProject
Project("{FAE04EC0-301F-11D3-BF4B-00C04F79EFBC}") = "Tyuiu.BayazitovEA.Sprint6.Task0.V6.Test", "Tyuiu.BayazitovEA.Sprint6.Task0.V6.Test\Tyuiu.BayazitovEA.Sprint6.Task0.V6.Test.csproj", "{882709AF-BF88-4DC9-82A0-72EC5D122174}"
EndProject
Project("{FAE04EC0-301F-11D3-BF4B-00C04F79EFBC}") = "Tyuiu.BayazitovEA.Sprint6.Task0.V6.Lib", "Tyuiu.BayazitovEA.Sprint6.Task0.V6.Lib\Tyuiu.BayazitovEA.Sprint6.Task0.V6.Lib.csproj", "{EA70BD3F-51F9-4F28-91CF-6227976F561B}"
EndProject
Project("{FAE04EC0-301F-11D3-BF4B-00C04F79EFBC}") = "Tyuiu.BayazitovEA.Sprint6.Task0.V6", "Tyuiu.BayazitovEA.Sprint6.Task0.V6\Tyuiu.BayazitovEA.Sprint6.Task0.V6.csproj", "{8B3A7D04-70A6-45AA-A85B-BE2E6DDE545B}"
EndProject
Project("{2150E333-8FDC-42A3-9474-1A3956D46DE8}") = "Task1", "Task1", "{17D55005-D278-41B0-813A-868D9DF59AA8}"
EndProject
Project("{FAE04EC0-301F-11D3-BF4B-00C04F79EFBC}") = "Tyuiu.BayazitovEA.Sprint6.Task1.V1", "Tyuiu.BayazitovEA.Sprint6.Task1.V1\Tyuiu.BayazitovEA.Sprint6.Task1.V1.csproj", "{DC1069EB-7186-46DB-9F0E-8A66A9C72E00}"
EndProject
Project("{FAE04EC0-301F-11D3-BF4B-00C04F79EFBC}") = "Tyuiu.BayazitovEA.Sprint6.Task1.V1.Test", "Tyuiu.BayazitovEA.Sprint6.Task1.V1.Test\Tyuiu.BayazitovEA.Sprint6.Task1.V1.Test.csproj", "{A989A1A1-F2CF-40BF-AA82-A03349BC90CF}"
EndProject
Project("{FAE04EC0-301F-11D3-BF4B-00C04F79EFBC}") = "Tyuiu.BayazitovEA.Sprint6.Task1.V1.Lib", "Tyuiu.BayazitovEA.Sprint6.Task1.V1.Lib\Tyuiu.BayazitovEA.Sprint6.Task1.V1.Lib.csproj", "{E0F25CAB-C3AE-4BA4-ACFE-E80A15B68FC6}"
EndProject
Project("{2150E333-8FDC-42A3-9474-1A3956D46DE8}") = "Task2", "Task2", "{1C52F6FB-67D6-48C1-86B5-D348231ED750}"
EndProject
Project("{FAE04EC0-301F-11D3-BF4B-00C04F79EFBC}") = "Tyuiu.BayazitovEA.Sprint6.Task2.V7.Lib", "Tyuiu.BayazitovEA.Sprint6.Task2.V7.Lib\Tyuiu.BayazitovEA.Sprint6.Task2.V7.Lib.csproj", "{AE6E9BB5-DCAE-4683-80BF-EA0D88A3241E}"
EndProject
Project("{FAE04EC0-301F-11D3-BF4B-00C04F79EFBC}") = "Tyuiu.BayazitovEA.Sprint6.Task2.V7.Test", "Tyuiu.BayazitovEA.Sprint6.Task2.V7.Test\Tyuiu.BayazitovEA.Sprint6.Task2.V7.Test.csproj", "{4FA4B228-E5C4-42DF-A3DB-146FC4B64FFA}"
EndProject
Project("{FAE04EC0-301F-11D3-BF4B-00C04F79EFBC}") = "Tyuiu.BayazitovEA.Sprint6.Task2.V7", "Tyuiu.BayazitovEA.Sprint6.Task2.V7\Tyuiu.BayazitovEA.Sprint6.Task2.V7.csproj", "{02BA02C1-9D50-4117-98B1-31725D744D35}"
EndProject
Project("{2150E333-8FDC-42A3-9474-1A3956D46DE8}") = "Task3", "Task3", "{50E87B17-0355-47D8-A8B8-5FC73EEC3A90}"
EndProject
Project("{FAE04EC0-301F-11D3-BF4B-00C04F79EFBC}") = "Tyuiu.BayazitovEA.Sprint6.Task3.V17.Lib", "Tyuiu.BayazitovEA.Sprint6.Task3.V17.Lib\Tyuiu.BayazitovEA.Sprint6.Task3.V17.Lib.csproj", "{B92CDD1D-A97B-400F-B05E-80677A2028A5}"
EndProject
Project("{FAE04EC0-301F-11D3-BF4B-00C04F79EFBC}") = "Tyuiu.BayazitovEA.Sprint6.Task3.V17.Test", "Tyuiu.BayazitovEA.Sprint6.Task3.V17.Test\Tyuiu.BayazitovEA.Sprint6.Task3.V17.Test.csproj", "{36363943-D108-4311-AB38-A0DF801E8D17}"
EndProject
Project("{FAE04EC0-301F-11D3-BF4B-00C04F79EFBC}") = "Tyuiu.BayazitovEA.Sprint6.Task3.V17", "Tyuiu.BayazitovEA.Sprint6.Task3.V17\Tyuiu.BayazitovEA.Sprint6.Task3.V17.csproj", "{48165B3A-ADD9-4CD6-98FA-5F4EB7FFE1FB}"
EndProject
Project("{2150E333-8FDC-42A3-9474-1A3956D46DE8}") = "Task4", "Task4", "{73F35CD3-AB33-460F-AFF5-6CC07FD45888}"
EndProject
Project("{FAE04EC0-301F-11D3-BF4B-00C04F79EFBC}") = "Tyuiu.BayazitovEA.Sprint6.Task4.V30.Lib", "Tyuiu.BayazitovEA.Sprint6.Task4.V30.Lib\Tyuiu.BayazitovEA.Sprint6.Task4.V30.Lib.csproj", "{CBB1188D-1192-4B80-84A1-83853AAE26E7}"
EndProject
Project("{FAE04EC0-301F-11D3-BF4B-00C04F79EFBC}") = "Tyuiu.BayazitovEA.Sprint6.Task4.V30", "Tyuiu.BayazitovEA.Sprint6.Task4.V30\Tyuiu.BayazitovEA.Sprint6.Task4.V30.csproj", "{181D8EA3-0F54-4DC5-BC9C-3804F5C7BBD7}"
EndProject
Project("{FAE04EC0-301F-11D3-BF4B-00C04F79EFBC}") = "Tyuiu.BayazitovEA.Sprint6.Task4.V30.Test", "Tyuiu.BayazitovEA.Sprint6.Task4.V30.Test\Tyuiu.BayazitovEA.Sprint6.Task4.V30.Test.csproj", "{62F331CF-7A51-4B2E-B8F2-419FFF092721}"
EndProject
Project("{2150E333-8FDC-42A3-9474-1A3956D46DE8}") = "Task5", "Task5", "{E1B89FCA-2F76-4BD4-B2FC-DD8CC01A6BA4}"
EndProject
Project("{FAE04EC0-301F-11D3-BF4B-00C04F79EFBC}") = "Tyuiu.BayazitovEA.Sprint6.Task5.V28", "Tyuiu.BayazitovEA.Sprint6.Task5.V28\Tyuiu.BayazitovEA.Sprint6.Task5.V28.csproj", "{8D811798-F668-408F-8230-EF2A55D1BE48}"
EndProject
Project("{FAE04EC0-301F-11D3-BF4B-00C04F79EFBC}") = "Tyuiu.BayazitovEA.Sprint6.Task5.V28.Lib", "Tyuiu.BayazitovEA.Sprint6.Task5.V28.Lib\Tyuiu.BayazitovEA.Sprint6.Task5.V28.Lib.csproj", "{54925936-CC00-431B-AFB9-0E0E83E49D41}"
EndProject
Project("{FAE04EC0-301F-11D3-BF4B-00C04F79EFBC}") = "Tyuiu.BayazitovEA.Sprint6.Task5.V28.Test", "Tyuiu.BayazitovEA.Sprint6.Task5.V28.Test\Tyuiu.BayazitovEA.Sprint6.Task5.V28.Test.csproj", "{99F0FC93-6D54-4652-B61B-41D374137FDB}"
EndProject
Global
	GlobalSection(SolutionConfigurationPlatforms) = preSolution
		Debug|Any CPU = Debug|Any CPU
		Release|Any CPU = Release|Any CPU
	EndGlobalSection
	GlobalSection(ProjectConfigurationPlatforms) = postSolution
		{882709AF-BF88-4DC9-82A0-72EC5D122174}.Debug|Any CPU.ActiveCfg = Debug|Any CPU
		{882709AF-BF88-4DC9-82A0-72EC5D122174}.Debug|Any CPU.Build.0 = Debug|Any CPU
		{882709AF-BF88-4DC9-82A0-72EC5D122174}.Release|Any CPU.ActiveCfg = Release|Any CPU
		{882709AF-BF88-4DC9-82A0-72EC5D122174}.Release|Any CPU.Build.0 = Release|Any CPU
		{EA70BD3F-51F9-4F28-91CF-6227976F561B}.Debug|Any CPU.ActiveCfg = Debug|Any CPU
		{EA70BD3F-51F9-4F28-91CF-6227976F561B}.Debug|Any CPU.Build.0 = Debug|Any CPU
		{EA70BD3F-51F9-4F28-91CF-6227976F561B}.Release|Any CPU.ActiveCfg = Release|Any CPU
		{EA70BD3F-51F9-4F28-91CF-6227976F561B}.Release|Any CPU.Build.0 = Release|Any CPU
		{8B3A7D04-70A6-45AA-A85B-BE2E6DDE545B}.Debug|Any CPU.ActiveCfg = Debug|Any CPU
		{8B3A7D04-70A6-45AA-A85B-BE2E6DDE545B}.Debug|Any CPU.Build.0 = Debug|Any CPU
		{8B3A7D04-70A6-45AA-A85B-BE2E6DDE545B}.Release|Any CPU.ActiveCfg = Release|Any CPU
		{8B3A7D04-70A6-45AA-A85B-BE2E6DDE545B}.Release|Any CPU.Build.0 = Release|Any CPU
		{DC1069EB-7186-46DB-9F0E-8A66A9C72E00}.Debug|Any CPU.ActiveCfg = Debug|Any CPU
		{DC1069EB-7186-46DB-9F0E-8A66A9C72E00}.Debug|Any CPU.Build.0 = Debug|Any CPU
		{DC1069EB-7186-46DB-9F0E-8A66A9C72E00}.Release|Any CPU.ActiveCfg = Release|Any CPU
		{DC1069EB-7186-46DB-9F0E-8A66A9C72E00}.Release|Any CPU.Build.0 = Release|Any CPU
		{A989A1A1-F2CF-40BF-AA82-A03349BC90CF}.Debug|Any CPU.ActiveCfg = Debug|Any CPU
		{A989A1A1-F2CF-40BF-AA82-A03349BC90CF}.Debug|Any CPU.Build.0 = Debug|Any CPU
		{A989A1A1-F2CF-40BF-AA82-A03349BC90CF}.Release|Any CPU.ActiveCfg = Release|Any CPU
		{A989A1A1-F2CF-40BF-AA82-A03349BC90CF}.Release|Any CPU.Build.0 = Release|Any CPU
		{E0F25CAB-C3AE-4BA4-ACFE-E80A15B68FC6}.Debug|Any CPU.ActiveCfg = Debug|Any CPU
		{E0F25CAB-C3AE-4BA4-ACFE-E80A15B68FC6}.Debug|Any CPU.Build.0 = Debug|Any CPU
		{E0F25CAB-C3AE-4BA4-ACFE-E80A15B68FC6}.Release|Any CPU.ActiveCfg = Release|Any CPU
		{E0F25CAB-C3AE-4BA4-ACFE-E80A15B68FC6}.Release|Any CPU.Build.0 = Release|Any CPU
		{AE6E9BB5-DCAE-4683-80BF-EA0D88A3241E}.Debug|Any CPU.ActiveCfg = Debug|Any CPU
		{AE6E9BB5-DCAE-4683-80BF-EA0D88A3241E}.Debug|Any CPU.Build.0 = Debug|Any CPU
		{AE6E9BB5-DCAE-4683-80BF-EA0D88A3241E}.Release|Any CPU.ActiveCfg = Release|Any CPU
		{AE6E9BB5-DCAE-4683-80BF-EA0D88A3241E}.Release|Any CPU.Build.0 = Release|Any CPU
		{4FA4B228-E5C4-42DF-A3DB-146FC4B64FFA}.Debug|Any CPU.ActiveCfg = Debug|Any CPU
		{4FA4B228-E5C4-42DF-A3DB-146FC4B64FFA}.Debug|Any CPU.Build.0 = Debug|Any CPU
		{4FA4B228-E5C4-42DF-A3DB-146FC4B64FFA}.Release|Any CPU.ActiveCfg = Release|Any CPU
		{4FA4B228-E5C4-42DF-A3DB-146FC4B64FFA}.Release|Any CPU.Build.0 = Release|Any CPU
		{02BA02C1-9D50-4117-98B1-31725D744D35}.Debug|Any CPU.ActiveCfg = Debug|Any CPU
		{02BA02C1-9D50-4117-98B1-31725D744D35}.Debug|Any CPU.Build.0 = Debug|Any CPU
		{02BA02C1-9D50-4117-98B1-31725D744D35}.Release|Any CPU.ActiveCfg = Release|Any CPU
		{02BA02C1-9D50-4117-98B1-31725D744D35}.Release|Any CPU.Build.0 = Release|Any CPU
		{B92CDD1D-A97B-400F-B05E-80677A2028A5}.Debug|Any CPU.ActiveCfg = Debug|Any CPU
		{B92CDD1D-A97B-400F-B05E-80677A2028A5}.Debug|Any CPU.Build.0 = Debug|Any CPU
		{B92CDD1D-A97B-400F-B05E-80677A2028A5}.Release|Any CPU.ActiveCfg = Release|Any CPU
		{B92CDD1D-A97B-400F-B05E-80677A2028A5}.Release|Any CPU.Build.0 = Release|Any CPU
		{36363943-D108-4311-AB38-A0DF801E8D17}.Debug|Any CPU.ActiveCfg = Debug|Any CPU
		{36363943-D108-4311-AB38-A0DF801E8D17}.Debug|Any CPU.Build.0 = Debug|Any CPU
		{36363943-D108-4311-AB38-A0DF801E8D17}.Release|Any CPU.ActiveCfg = Release|Any CPU
		{36363943-D108-4311-AB38-A0DF801E8D17}.Release|Any CPU.Build.0 = Release|Any CPU
		{48165B3A-ADD9-4CD6-98FA-5F4EB7FFE1FB}.Debug|Any CPU.ActiveCfg = Debug|Any CPU
		{48165B3A-ADD9-4CD6-98FA-5F4EB7FFE1FB}.Debug|Any CPU.Build.0 = Debug|Any CPU
		{48165B3A-ADD9-4CD6-98FA-5F4EB7FFE1FB}.Release|Any CPU.ActiveCfg = Release|Any CPU
		{48165B3A-ADD9-4CD6-98FA-5F4EB7FFE1FB}.Release|Any CPU.Build.0 = Release|Any CPU
		{CBB1188D-1192-4B80-84A1-83853AAE26E7}.Debug|Any CPU.ActiveCfg = Debug|Any CPU
		{CBB1188D-1192-4B80-84A1-83853AAE26E7}.Debug|Any CPU.Build.0 = Debug|Any CPU
		{CBB1188D-1192-4B80-84A1-83853AAE26E7}.Release|Any CPU.ActiveCfg = Release|Any CPU
		{CBB1188D-1192-4B80-84A1-83853AAE26E7}.Release|Any CPU.Build.0 = Release|Any CPU
		{181D8EA3-0F54-4DC5-BC9C-3804F5C7BBD7}.Debug|Any CPU.ActiveCfg = Debug|Any CPU
		{181D8EA3-0F54-4DC5-BC9C-3804F5C7BBD7}.Debug|Any CPU.Build.0 = Debug|Any CPU
		{181D8EA3-0F54-4DC5-BC9C-3804F5C7BBD7}.Release|Any CPU.ActiveCfg = Release|Any CPU
		{181D8EA3-0F54-4DC5-BC9C-3804F5C7BBD7}.Release|Any CPU.Build.0 = Release|Any CPU
		{62F331CF-7A51-4B2E-B8F2-419FFF092721}.Debug|Any CPU.ActiveCfg = Debug|Any CPU
		{62F331CF-7A51-4B2E-B8F2-419FFF092721}.Debug|Any CPU.Build.0 = Debug|Any CPU
		{62F331CF-7A51-4B2E-B8F2-419FFF092721}.Release|Any CPU.ActiveCfg = Release|Any CPU
		{62F331CF-7A51-4B2E-B8F2-419FFF092721}.Release|Any CPU.Build.0 = Release|Any CPU
		{8D811798-F668-408F-8230-EF2A55D1BE48}.Debug|Any CPU.ActiveCfg = Debug|Any CPU
		{8D811798-F668-408F-8230-EF2A55D1BE48}.Debug|Any CPU.Build.0 = Debug|Any CPU
		{8D811798-F668-408F-8230-EF2A55D1BE48}.Release|Any CPU.ActiveCfg = Release|Any CPU
		{8D811798-F668-408F-8230-EF2A55D1BE48}.Release|Any CPU.Build.0 = Release|Any CPU
		{54925936-CC00-431B-AFB9-0E0E83E49D41}.Debug|Any CPU.ActiveCfg = Debug|Any CPU
		{54925936-CC00-431B-AFB9-0E0E83E49D41}.Debug|Any CPU.Build.0 = Debug|Any CPU
		{54925936-CC00-431B-AFB9-0E0E83E49D41}.Release|Any CPU.ActiveCfg = Release|Any CPU
		{54925936-CC00-431B-AFB9-0E0E83E49D41}.Release|Any CPU.Build.0 = Release|Any CPU
		{99F0FC93-6D54-4652-B61B-41D374137FDB}.Debug|Any CPU.ActiveCfg = Debug|Any CPU
		{99F0FC93-6D54-4652-B61B-41D374137FDB}.Debug|Any CPU.Build.0 = Debug|Any CPU
		{99F0FC93-6D54-4652-B61B-41D374137FDB}.Release|Any CPU.ActiveCfg = Release|Any CPU
		{99F0FC93-6D54-4652-B61B-41D374137FDB}.Release|Any CPU.Build.0 = Release|Any CPU
	EndGlobalSection
	GlobalSection(SolutionProperties) = preSolution
		HideSolutionNode = FALSE
	EndGlobalSection
	GlobalSection(NestedProjects) = preSolution
		{882709AF-BF88-4DC9-82A0-72EC5D122174} = {02EA681E-C7D8-13C7-8484-4AC65E1B71E8}
		{EA70BD3F-51F9-4F28-91CF-6227976F561B} = {02EA681E-C7D8-13C7-8484-4AC65E1B71E8}
		{8B3A7D04-70A6-45AA-A85B-BE2E6DDE545B} = {02EA681E-C7D8-13C7-8484-4AC65E1B71E8}
		{DC1069EB-7186-46DB-9F0E-8A66A9C72E00} = {17D55005-D278-41B0-813A-868D9DF59AA8}
		{A989A1A1-F2CF-40BF-AA82-A03349BC90CF} = {17D55005-D278-41B0-813A-868D9DF59AA8}
		{E0F25CAB-C3AE-4BA4-ACFE-E80A15B68FC6} = {17D55005-D278-41B0-813A-868D9DF59AA8}
		{AE6E9BB5-DCAE-4683-80BF-EA0D88A3241E} = {1C52F6FB-67D6-48C1-86B5-D348231ED750}
		{4FA4B228-E5C4-42DF-A3DB-146FC4B64FFA} = {1C52F6FB-67D6-48C1-86B5-D348231ED750}
		{02BA02C1-9D50-4117-98B1-31725D744D35} = {1C52F6FB-67D6-48C1-86B5-D348231ED750}
		{B92CDD1D-A97B-400F-B05E-80677A2028A5} = {50E87B17-0355-47D8-A8B8-5FC73EEC3A90}
		{36363943-D108-4311-AB38-A0DF801E8D17} = {50E87B17-0355-47D8-A8B8-5FC73EEC3A90}
		{48165B3A-ADD9-4CD6-98FA-5F4EB7FFE1FB} = {50E87B17-0355-47D8-A8B8-5FC73EEC3A90}
		{CBB1188D-1192-4B80-84A1-83853AAE26E7} = {73F35CD3-AB33-460F-AFF5-6CC07FD45888}
		{181D8EA3-0F54-4DC5-BC9C-3804F5C7BBD7} = {73F35CD3-AB33-460F-AFF5-6CC07FD45888}
		{62F331CF-7A51-4B2E-B8F2-419FFF092721} = {73F35CD3-AB33-460F-AFF5-6CC07FD45888}
		{8D811798-F668-408F-8230-EF2A55D1BE48} = {E1B89FCA-2F76-4BD4-B2FC-DD8CC01A6BA4}
		{54925936-CC00-431B-AFB9-0E0E83E49D41} = {E1B89FCA-2F76-4BD4-B2FC-DD8CC01A6BA4}
		{99F0FC93-6D54-4652-B61B-41D374137FDB} = {E1B89FCA-2F76-4BD4-B2FC-DD8CC01A6BA4}
	EndGlobalSection
	GlobalSection(ExtensibilityGlobals) = postSolution
		SolutionGuid = {D0448079-2139-403C-81BC-9523E150949A}
	EndGlobalSection
EndGlobal
